
Microsoft Visual Studio Solution File, Format Version 12.00
# Visual Studio Version 17
VisualStudioVersion = 17.1.32228.430
MinimumVisualStudioVersion = 10.0.40219.1
Project("{FAE04EC0-301F-11D3-BF4B-00C04F79EFBC}") = "1-PrimeiroProjeto", "1-PrimeiroProjeto\1-PrimeiroProjeto.csproj", "{7DBE3C84-2790-46D8-8571-34D8C3015EE5}"
EndProject
Project("{2150E333-8FDC-42A3-9474-1A3956D46DE8}") = "Solution Items", "Solution Items", "{0D65A405-9A16-4F39-AFA2-A4305905364C}"
	ProjectSection(SolutionItems) = preProject
		.gitignore = .gitignore
	EndProjectSection
EndProject
Project("{FAE04EC0-301F-11D3-BF4B-00C04F79EFBC}") = "2-CriandoVariaveis", "2-CriandoVariaveis\2-CriandoVariaveis.csproj", "{29CD6F53-3CD1-435B-AC3E-D43EAC86A71D}"
EndProject
Project("{FAE04EC0-301F-11D3-BF4B-00C04F79EFBC}") = "3-TestaPontoFlutuante", "3-TestaPontoFlutuante\3-TestaPontoFlutuante.csproj", "{15C243D7-8344-41E3-A390-4B2AFEC24B36}"
EndProject
Project("{FAE04EC0-301F-11D3-BF4B-00C04F79EFBC}") = "4-ConversoesEOutrosTiposNumericos", "4-ConversoesEOutrosTiposNumericos\4-ConversoesEOutrosTiposNumericos.csproj", "{979A5BE8-965A-4273-A8BD-20A12067580A}"
EndProject
Project("{FAE04EC0-301F-11D3-BF4B-00C04F79EFBC}") = "5-CaracteresETextos", "5-CaracteresETextos\5-CaracteresETextos.csproj", "{46B9FB49-7D43-488E-B69C-5994D3CF1BAE}"
EndProject
Project("{FAE04EC0-301F-11D3-BF4B-00C04F79EFBC}") = "6-AtribuicoesDeVariaveis", "6-AtribuicoesDeVariaveis\6-AtribuicoesDeVariaveis.csproj", "{AED3A8C1-0D48-448B-A341-16B15B0BD4D9}"
EndProject
Project("{FAE04EC0-301F-11D3-BF4B-00C04F79EFBC}") = "7-Condicional", "7-Condicional\7-Condicional.csproj", "{C5C2635A-1B1A-4050-8A8F-F504B679B183}"
EndProject
Project("{FAE04EC0-301F-11D3-BF4B-00C04F79EFBC}") = "8-Condicionais2", "8-Condicionais2\8-Condicionais2.csproj", "{790D06F1-9B0F-4ED4-AFAD-28E25B13AC04}"
EndProject
Global
	GlobalSection(SolutionConfigurationPlatforms) = preSolution
		Debug|Any CPU = Debug|Any CPU
		Release|Any CPU = Release|Any CPU
	EndGlobalSection
	GlobalSection(ProjectConfigurationPlatforms) = postSolution
		{7DBE3C84-2790-46D8-8571-34D8C3015EE5}.Debug|Any CPU.ActiveCfg = Debug|Any CPU
		{7DBE3C84-2790-46D8-8571-34D8C3015EE5}.Debug|Any CPU.Build.0 = Debug|Any CPU
		{7DBE3C84-2790-46D8-8571-34D8C3015EE5}.Release|Any CPU.ActiveCfg = Release|Any CPU
		{7DBE3C84-2790-46D8-8571-34D8C3015EE5}.Release|Any CPU.Build.0 = Release|Any CPU
		{29CD6F53-3CD1-435B-AC3E-D43EAC86A71D}.Debug|Any CPU.ActiveCfg = Debug|Any CPU
		{29CD6F53-3CD1-435B-AC3E-D43EAC86A71D}.Debug|Any CPU.Build.0 = Debug|Any CPU
		{29CD6F53-3CD1-435B-AC3E-D43EAC86A71D}.Release|Any CPU.ActiveCfg = Release|Any CPU
		{29CD6F53-3CD1-435B-AC3E-D43EAC86A71D}.Release|Any CPU.Build.0 = Release|Any CPU
		{15C243D7-8344-41E3-A390-4B2AFEC24B36}.Debug|Any CPU.ActiveCfg = Debug|Any CPU
		{15C243D7-8344-41E3-A390-4B2AFEC24B36}.Debug|Any CPU.Build.0 = Debug|Any CPU
		{15C243D7-8344-41E3-A390-4B2AFEC24B36}.Release|Any CPU.ActiveCfg = Release|Any CPU
		{15C243D7-8344-41E3-A390-4B2AFEC24B36}.Release|Any CPU.Build.0 = Release|Any CPU
		{979A5BE8-965A-4273-A8BD-20A12067580A}.Debug|Any CPU.ActiveCfg = Debug|Any CPU
		{979A5BE8-965A-4273-A8BD-20A12067580A}.Debug|Any CPU.Build.0 = Debug|Any CPU
		{979A5BE8-965A-4273-A8BD-20A12067580A}.Release|Any CPU.ActiveCfg = Release|Any CPU
		{979A5BE8-965A-4273-A8BD-20A12067580A}.Release|Any CPU.Build.0 = Release|Any CPU
		{46B9FB49-7D43-488E-B69C-5994D3CF1BAE}.Debug|Any CPU.ActiveCfg = Debug|Any CPU
		{46B9FB49-7D43-488E-B69C-5994D3CF1BAE}.Debug|Any CPU.Build.0 = Debug|Any CPU
		{46B9FB49-7D43-488E-B69C-5994D3CF1BAE}.Release|Any CPU.ActiveCfg = Release|Any CPU
		{46B9FB49-7D43-488E-B69C-5994D3CF1BAE}.Release|Any CPU.Build.0 = Release|Any CPU
		{AED3A8C1-0D48-448B-A341-16B15B0BD4D9}.Debug|Any CPU.ActiveCfg = Debug|Any CPU
		{AED3A8C1-0D48-448B-A341-16B15B0BD4D9}.Debug|Any CPU.Build.0 = Debug|Any CPU
		{AED3A8C1-0D48-448B-A341-16B15B0BD4D9}.Release|Any CPU.ActiveCfg = Release|Any CPU
		{AED3A8C1-0D48-448B-A341-16B15B0BD4D9}.Release|Any CPU.Build.0 = Release|Any CPU
		{C5C2635A-1B1A-4050-8A8F-F504B679B183}.Debug|Any CPU.ActiveCfg = Debug|Any CPU
		{C5C2635A-1B1A-4050-8A8F-F504B679B183}.Debug|Any CPU.Build.0 = Debug|Any CPU
		{C5C2635A-1B1A-4050-8A8F-F504B679B183}.Release|Any CPU.ActiveCfg = Release|Any CPU
		{C5C2635A-1B1A-4050-8A8F-F504B679B183}.Release|Any CPU.Build.0 = Release|Any CPU
		{790D06F1-9B0F-4ED4-AFAD-28E25B13AC04}.Debug|Any CPU.ActiveCfg = Debug|Any CPU
		{790D06F1-9B0F-4ED4-AFAD-28E25B13AC04}.Debug|Any CPU.Build.0 = Debug|Any CPU
		{790D06F1-9B0F-4ED4-AFAD-28E25B13AC04}.Release|Any CPU.ActiveCfg = Release|Any CPU
		{790D06F1-9B0F-4ED4-AFAD-28E25B13AC04}.Release|Any CPU.Build.0 = Release|Any CPU
	EndGlobalSection
	GlobalSection(SolutionProperties) = preSolution
		HideSolutionNode = FALSE
	EndGlobalSection
	GlobalSection(ExtensibilityGlobals) = postSolution
		SolutionGuid = {D743E318-3587-429A-BDA3-E60FA1FF05CD}
	EndGlobalSection
EndGlobal
